
Microsoft Visual Studio Solution File, Format Version 12.00
# Visual Studio Version 16
VisualStudioVersion = 16.0.30517.126
MinimumVisualStudioVersion = 10.0.40219.1
Project("{FAE04EC0-301F-11D3-BF4B-00C04F79EFBC}") = "helpers_sin_bd", "helpers_sin_bd\helpers_sin_bd.csproj", "{5D27C30C-2667-48BF-A71C-AC339A293CD4}"
EndProject
Global
	GlobalSection(SolutionConfigurationPlatforms) = preSolution
		Debug|Any CPU = Debug|Any CPU
		Release|Any CPU = Release|Any CPU
	EndGlobalSection
	GlobalSection(ProjectConfigurationPlatforms) = postSolution
		{5D27C30C-2667-48BF-A71C-AC339A293CD4}.Debug|Any CPU.ActiveCfg = Debug|Any CPU
		{5D27C30C-2667-48BF-A71C-AC339A293CD4}.Debug|Any CPU.Build.0 = Debug|Any CPU
		{5D27C30C-2667-48BF-A71C-AC339A293CD4}.Release|Any CPU.ActiveCfg = Release|Any CPU
		{5D27C30C-2667-48BF-A71C-AC339A293CD4}.Release|Any CPU.Build.0 = Release|Any CPU
	EndGlobalSection
	GlobalSection(SolutionProperties) = preSolution
		HideSolutionNode = FALSE
	EndGlobalSection
	GlobalSection(ExtensibilityGlobals) = postSolution
		SolutionGuid = {5AD128EE-FCB1-42E9-B4E9-48606DFA6ED1}
	EndGlobalSection
EndGlobal
